
Microsoft Visual Studio Solution File, Format Version 12.00
# Visual Studio Version 16
VisualStudioVersion = 25.0.1706.1
MinimumVisualStudioVersion = 10.0.40219.1
Project("{FAE04EC0-301F-11D3-BF4B-00C04F79EFBC}") = "OpenAiTest", "OpenAiTest.csproj", "{06A9A97E-4CB5-4EAF-B5DA-106C7A0F546D}"
EndProject
Global
	GlobalSection(SolutionConfigurationPlatforms) = preSolution
		Debug|Any CPU = Debug|Any CPU
		Release|Any CPU = Release|Any CPU
	EndGlobalSection
	GlobalSection(ProjectConfigurationPlatforms) = postSolution
		{06A9A97E-4CB5-4EAF-B5DA-106C7A0F546D}.Debug|Any CPU.ActiveCfg = Debug|Any CPU
		{06A9A97E-4CB5-4EAF-B5DA-106C7A0F546D}.Debug|Any CPU.Build.0 = Debug|Any CPU
		{06A9A97E-4CB5-4EAF-B5DA-106C7A0F546D}.Release|Any CPU.ActiveCfg = Release|Any CPU
		{06A9A97E-4CB5-4EAF-B5DA-106C7A0F546D}.Release|Any CPU.Build.0 = Release|Any CPU
	EndGlobalSection
	GlobalSection(SolutionProperties) = preSolution
		HideSolutionNode = FALSE
	EndGlobalSection
	GlobalSection(ExtensibilityGlobals) = postSolution
		SolutionGuid = {7456D73E-1B00-4752-9ED6-12F6DCBA7E4D}
	EndGlobalSection
EndGlobal
